
Microsoft Visual Studio Solution File, Format Version 12.00
# Visual Studio Version 16
VisualStudioVersion = 16.0.32228.343
MinimumVisualStudioVersion = 10.0.40219.1
Project("{FAE04EC0-301F-11D3-BF4B-00C04F79EFBC}") = "ProjectTsybirevV4.Android", "ProjectTsybirevV4.Android\ProjectTsybirevV4.Android.csproj", "{734D2F2B-8BD8-4717-AC9D-7C0E3A1E5178}"
EndProject
Project("{FAE04EC0-301F-11D3-BF4B-00C04F79EFBC}") = "ProjectTsybirevV4", "ProjectTsybirevV4\ProjectTsybirevV4.csproj", "{291EAE56-E7F1-43E0-835D-7236C50C0628}"
EndProject
Global
	GlobalSection(SolutionConfigurationPlatforms) = preSolution
		Debug|Any CPU = Debug|Any CPU
		Release|Any CPU = Release|Any CPU
	EndGlobalSection
	GlobalSection(ProjectConfigurationPlatforms) = postSolution
		{734D2F2B-8BD8-4717-AC9D-7C0E3A1E5178}.Debug|Any CPU.ActiveCfg = Debug|Any CPU
		{734D2F2B-8BD8-4717-AC9D-7C0E3A1E5178}.Debug|Any CPU.Build.0 = Debug|Any CPU
		{734D2F2B-8BD8-4717-AC9D-7C0E3A1E5178}.Debug|Any CPU.Deploy.0 = Debug|Any CPU
		{734D2F2B-8BD8-4717-AC9D-7C0E3A1E5178}.Release|Any CPU.ActiveCfg = Release|Any CPU
		{734D2F2B-8BD8-4717-AC9D-7C0E3A1E5178}.Release|Any CPU.Build.0 = Release|Any CPU
		{734D2F2B-8BD8-4717-AC9D-7C0E3A1E5178}.Release|Any CPU.Deploy.0 = Release|Any CPU
		{291EAE56-E7F1-43E0-835D-7236C50C0628}.Debug|Any CPU.ActiveCfg = Debug|Any CPU
		{291EAE56-E7F1-43E0-835D-7236C50C0628}.Debug|Any CPU.Build.0 = Debug|Any CPU
		{291EAE56-E7F1-43E0-835D-7236C50C0628}.Debug|Any CPU.Deploy.0 = Debug|Any CPU
		{291EAE56-E7F1-43E0-835D-7236C50C0628}.Release|Any CPU.ActiveCfg = Release|Any CPU
		{291EAE56-E7F1-43E0-835D-7236C50C0628}.Release|Any CPU.Build.0 = Release|Any CPU
		{291EAE56-E7F1-43E0-835D-7236C50C0628}.Release|Any CPU.Deploy.0 = Release|Any CPU
	EndGlobalSection
	GlobalSection(SolutionProperties) = preSolution
		HideSolutionNode = FALSE
	EndGlobalSection
	GlobalSection(ExtensibilityGlobals) = postSolution
		SolutionGuid = {6EFD0713-2BB8-4F69-9034-1B1703D1FB6E}
	EndGlobalSection
EndGlobal
